
Microsoft Visual Studio Solution File, Format Version 12.00
# Visual Studio Version 17
VisualStudioVersion = 17.14.36203.30 d17.14
MinimumVisualStudioVersion = 10.0.40219.1
Project("{8BC9CEB8-8B4A-11D0-8D11-00A0C91BC942}") = "TaskMgr-Troll", "TaskMgr-Troll\TaskMgr-Troll.vcxproj", "{CA249B0B-9DE0-4595-9468-7E8E8E62BD92}"
EndProject
Global
	GlobalSection(SolutionConfigurationPlatforms) = preSolution
		Debug|x64 = Debug|x64
		Debug|x86 = Debug|x86
		Release|x64 = Release|x64
		Release|x86 = Release|x86
	EndGlobalSection
	GlobalSection(ProjectConfigurationPlatforms) = postSolution
		{CA249B0B-9DE0-4595-9468-7E8E8E62BD92}.Debug|x64.ActiveCfg = Debug|x64
		{CA249B0B-9DE0-4595-9468-7E8E8E62BD92}.Debug|x64.Build.0 = Debug|x64
		{CA249B0B-9DE0-4595-9468-7E8E8E62BD92}.Debug|x86.ActiveCfg = Debug|Win32
		{CA249B0B-9DE0-4595-9468-7E8E8E62BD92}.Debug|x86.Build.0 = Debug|Win32
		{CA249B0B-9DE0-4595-9468-7E8E8E62BD92}.Release|x64.ActiveCfg = Release|x64
		{CA249B0B-9DE0-4595-9468-7E8E8E62BD92}.Release|x64.Build.0 = Release|x64
		{CA249B0B-9DE0-4595-9468-7E8E8E62BD92}.Release|x86.ActiveCfg = Release|Win32
		{CA249B0B-9DE0-4595-9468-7E8E8E62BD92}.Release|x86.Build.0 = Release|Win32
	EndGlobalSection
	GlobalSection(SolutionProperties) = preSolution
		HideSolutionNode = FALSE
	EndGlobalSection
	GlobalSection(ExtensibilityGlobals) = postSolution
		SolutionGuid = {273942F5-A7C5-428B-BB47-BF0D6BE327B0}
	EndGlobalSection
EndGlobal
